
Microsoft Visual Studio Solution File, Format Version 12.00
# Visual Studio Version 17
VisualStudioVersion = 17.2.32519.379
MinimumVisualStudioVersion = 10.0.40219.1
Project("{9A19103F-16F7-4668-BE54-9A1E7A4F7556}") = "Claims.Host", "Claims.Host\Claims.Host.csproj", "{268F67FB-056D-4843-8823-19A5F7848271}"
EndProject
Project("{2150E333-8FDC-42A3-9474-1A3956D46DE8}") = "Tests", "Tests", "{003F7774-8202-4837-8C40-72297F3876C1}"
EndProject
Project("{FAE04EC0-301F-11D3-BF4B-00C04F79EFBC}") = "Claims.Api", "Claims.Api\Claims.Api.csproj", "{DF801BFE-1307-46A9-9EEA-72FC7915F3D4}"
EndProject
Project("{FAE04EC0-301F-11D3-BF4B-00C04F79EFBC}") = "Claims.Application", "Claims.Application\Claims.Application.csproj", "{B1B1F4F6-1220-488F-A690-50A40536A3A0}"
EndProject
Project("{FAE04EC0-301F-11D3-BF4B-00C04F79EFBC}") = "Claims.Infrastructure", "Claims.Infrastructure\Claims.Infrastructure.csproj", "{1C9651F4-5651-490A-88D8-755EA74909EC}"
EndProject
Project("{FAE04EC0-301F-11D3-BF4B-00C04F79EFBC}") = "Claims.Domain", "Claims.Domain\Claims.Domain.csproj", "{1DB75EE7-4460-43D1-9F1D-2C1384F57EC3}"
EndProject
Project("{FAE04EC0-301F-11D3-BF4B-00C04F79EFBC}") = "Claims.Integration.Tests", "Claims.Integration.Tests\Claims.Integration.Tests.csproj", "{B8AA564F-1F7A-4F9E-9EE6-2F1CBAA49E21}"
EndProject
Project("{FAE04EC0-301F-11D3-BF4B-00C04F79EFBC}") = "Claims.Unit.Tests", "Claims.Unit.Tests\Claims.Unit.Tests.csproj", "{7BC211A0-EF1B-4179-8A70-A1FD9A1AD02A}"
EndProject
Global
	GlobalSection(SolutionConfigurationPlatforms) = preSolution
		Debug|Any CPU = Debug|Any CPU
		Release|Any CPU = Release|Any CPU
	EndGlobalSection
	GlobalSection(ProjectConfigurationPlatforms) = postSolution
		{268F67FB-056D-4843-8823-19A5F7848271}.Debug|Any CPU.ActiveCfg = Debug|Any CPU
		{268F67FB-056D-4843-8823-19A5F7848271}.Debug|Any CPU.Build.0 = Debug|Any CPU
		{268F67FB-056D-4843-8823-19A5F7848271}.Release|Any CPU.ActiveCfg = Release|Any CPU
		{268F67FB-056D-4843-8823-19A5F7848271}.Release|Any CPU.Build.0 = Release|Any CPU
		{DF801BFE-1307-46A9-9EEA-72FC7915F3D4}.Debug|Any CPU.ActiveCfg = Debug|Any CPU
		{DF801BFE-1307-46A9-9EEA-72FC7915F3D4}.Debug|Any CPU.Build.0 = Debug|Any CPU
		{DF801BFE-1307-46A9-9EEA-72FC7915F3D4}.Release|Any CPU.ActiveCfg = Release|Any CPU
		{DF801BFE-1307-46A9-9EEA-72FC7915F3D4}.Release|Any CPU.Build.0 = Release|Any CPU
		{B1B1F4F6-1220-488F-A690-50A40536A3A0}.Debug|Any CPU.ActiveCfg = Debug|Any CPU
		{B1B1F4F6-1220-488F-A690-50A40536A3A0}.Debug|Any CPU.Build.0 = Debug|Any CPU
		{B1B1F4F6-1220-488F-A690-50A40536A3A0}.Release|Any CPU.ActiveCfg = Release|Any CPU
		{B1B1F4F6-1220-488F-A690-50A40536A3A0}.Release|Any CPU.Build.0 = Release|Any CPU
		{1C9651F4-5651-490A-88D8-755EA74909EC}.Debug|Any CPU.ActiveCfg = Debug|Any CPU
		{1C9651F4-5651-490A-88D8-755EA74909EC}.Debug|Any CPU.Build.0 = Debug|Any CPU
		{1C9651F4-5651-490A-88D8-755EA74909EC}.Release|Any CPU.ActiveCfg = Release|Any CPU
		{1C9651F4-5651-490A-88D8-755EA74909EC}.Release|Any CPU.Build.0 = Release|Any CPU
		{1DB75EE7-4460-43D1-9F1D-2C1384F57EC3}.Debug|Any CPU.ActiveCfg = Debug|Any CPU
		{1DB75EE7-4460-43D1-9F1D-2C1384F57EC3}.Debug|Any CPU.Build.0 = Debug|Any CPU
		{1DB75EE7-4460-43D1-9F1D-2C1384F57EC3}.Release|Any CPU.ActiveCfg = Release|Any CPU
		{1DB75EE7-4460-43D1-9F1D-2C1384F57EC3}.Release|Any CPU.Build.0 = Release|Any CPU
		{B8AA564F-1F7A-4F9E-9EE6-2F1CBAA49E21}.Debug|Any CPU.ActiveCfg = Debug|Any CPU
		{B8AA564F-1F7A-4F9E-9EE6-2F1CBAA49E21}.Debug|Any CPU.Build.0 = Debug|Any CPU
		{B8AA564F-1F7A-4F9E-9EE6-2F1CBAA49E21}.Release|Any CPU.ActiveCfg = Release|Any CPU
		{B8AA564F-1F7A-4F9E-9EE6-2F1CBAA49E21}.Release|Any CPU.Build.0 = Release|Any CPU
		{7BC211A0-EF1B-4179-8A70-A1FD9A1AD02A}.Debug|Any CPU.ActiveCfg = Debug|Any CPU
		{7BC211A0-EF1B-4179-8A70-A1FD9A1AD02A}.Debug|Any CPU.Build.0 = Debug|Any CPU
		{7BC211A0-EF1B-4179-8A70-A1FD9A1AD02A}.Release|Any CPU.ActiveCfg = Release|Any CPU
		{7BC211A0-EF1B-4179-8A70-A1FD9A1AD02A}.Release|Any CPU.Build.0 = Release|Any CPU
	EndGlobalSection
	GlobalSection(SolutionProperties) = preSolution
		HideSolutionNode = FALSE
	EndGlobalSection
	GlobalSection(NestedProjects) = preSolution
		{B8AA564F-1F7A-4F9E-9EE6-2F1CBAA49E21} = {003F7774-8202-4837-8C40-72297F3876C1}
		{7BC211A0-EF1B-4179-8A70-A1FD9A1AD02A} = {003F7774-8202-4837-8C40-72297F3876C1}
	EndGlobalSection
	GlobalSection(ExtensibilityGlobals) = postSolution
		SolutionGuid = {9D4C1340-FBC4-4F35-944F-26237883E032}
	EndGlobalSection
EndGlobal
