
Microsoft Visual Studio Solution File, Format Version 12.00
# Visual Studio Version 17
VisualStudioVersion = 17.2.32519.379
MinimumVisualStudioVersion = 10.0.40219.1
Project("{9A19103F-16F7-4668-BE54-9A1E7A4F7556}") = "Claims.Host", "Claims\Claims.Host.csproj", "{268F67FB-056D-4843-8823-19A5F7848271}"
EndProject
Project("{2150E333-8FDC-42A3-9474-1A3956D46DE8}") = "Tests", "Tests", "{003F7774-8202-4837-8C40-72297F3876C1}"
EndProject
Project("{FAE04EC0-301F-11D3-BF4B-00C04F79EFBC}") = "Claims.Integration.Tests", "Claims.Tests\Claims.Integration.Tests.csproj", "{EC846D1B-22B5-4CED-B0CB-778EBFEE1C33}"
EndProject
Project("{FAE04EC0-301F-11D3-BF4B-00C04F79EFBC}") = "CLaims.Unit.Tests", "Claims.Tests\CLaims.Unit.Tests\CLaims.Unit.Tests.csproj", "{2690B303-1D3E-4F84-9336-5723AC1B1B77}"
EndProject
Project("{FAE04EC0-301F-11D3-BF4B-00C04F79EFBC}") = "Claims.WebApi", "Claims.WebApi\Claims.WebApi.csproj", "{DF801BFE-1307-46A9-9EEA-72FC7915F3D4}"
EndProject
Project("{FAE04EC0-301F-11D3-BF4B-00C04F79EFBC}") = "Claims.WebApi.Contracts", "Claims.WebApi.Contracts\Claims.WebApi.Contracts.csproj", "{0933AB79-3572-4F82-828D-CE7CBB64B419}"
EndProject
Project("{FAE04EC0-301F-11D3-BF4B-00C04F79EFBC}") = "Claims.Services", "Claims.Services\Claims.Services.csproj", "{B1B1F4F6-1220-488F-A690-50A40536A3A0}"
EndProject
Project("{FAE04EC0-301F-11D3-BF4B-00C04F79EFBC}") = "Claims.Repositories", "Claims.Repositories\Claims.Repositories.csproj", "{1C9651F4-5651-490A-88D8-755EA74909EC}"
EndProject
Global
	GlobalSection(SolutionConfigurationPlatforms) = preSolution
		Debug|Any CPU = Debug|Any CPU
		Release|Any CPU = Release|Any CPU
	EndGlobalSection
	GlobalSection(ProjectConfigurationPlatforms) = postSolution
		{268F67FB-056D-4843-8823-19A5F7848271}.Debug|Any CPU.ActiveCfg = Debug|Any CPU
		{268F67FB-056D-4843-8823-19A5F7848271}.Debug|Any CPU.Build.0 = Debug|Any CPU
		{268F67FB-056D-4843-8823-19A5F7848271}.Release|Any CPU.ActiveCfg = Release|Any CPU
		{268F67FB-056D-4843-8823-19A5F7848271}.Release|Any CPU.Build.0 = Release|Any CPU
		{EC846D1B-22B5-4CED-B0CB-778EBFEE1C33}.Debug|Any CPU.ActiveCfg = Debug|Any CPU
		{EC846D1B-22B5-4CED-B0CB-778EBFEE1C33}.Debug|Any CPU.Build.0 = Debug|Any CPU
		{EC846D1B-22B5-4CED-B0CB-778EBFEE1C33}.Release|Any CPU.ActiveCfg = Release|Any CPU
		{EC846D1B-22B5-4CED-B0CB-778EBFEE1C33}.Release|Any CPU.Build.0 = Release|Any CPU
		{2690B303-1D3E-4F84-9336-5723AC1B1B77}.Debug|Any CPU.ActiveCfg = Debug|Any CPU
		{2690B303-1D3E-4F84-9336-5723AC1B1B77}.Debug|Any CPU.Build.0 = Debug|Any CPU
		{2690B303-1D3E-4F84-9336-5723AC1B1B77}.Release|Any CPU.ActiveCfg = Release|Any CPU
		{2690B303-1D3E-4F84-9336-5723AC1B1B77}.Release|Any CPU.Build.0 = Release|Any CPU
		{DF801BFE-1307-46A9-9EEA-72FC7915F3D4}.Debug|Any CPU.ActiveCfg = Debug|Any CPU
		{DF801BFE-1307-46A9-9EEA-72FC7915F3D4}.Debug|Any CPU.Build.0 = Debug|Any CPU
		{DF801BFE-1307-46A9-9EEA-72FC7915F3D4}.Release|Any CPU.ActiveCfg = Release|Any CPU
		{DF801BFE-1307-46A9-9EEA-72FC7915F3D4}.Release|Any CPU.Build.0 = Release|Any CPU
		{0933AB79-3572-4F82-828D-CE7CBB64B419}.Debug|Any CPU.ActiveCfg = Debug|Any CPU
		{0933AB79-3572-4F82-828D-CE7CBB64B419}.Debug|Any CPU.Build.0 = Debug|Any CPU
		{0933AB79-3572-4F82-828D-CE7CBB64B419}.Release|Any CPU.ActiveCfg = Release|Any CPU
		{0933AB79-3572-4F82-828D-CE7CBB64B419}.Release|Any CPU.Build.0 = Release|Any CPU
		{B1B1F4F6-1220-488F-A690-50A40536A3A0}.Debug|Any CPU.ActiveCfg = Debug|Any CPU
		{B1B1F4F6-1220-488F-A690-50A40536A3A0}.Debug|Any CPU.Build.0 = Debug|Any CPU
		{B1B1F4F6-1220-488F-A690-50A40536A3A0}.Release|Any CPU.ActiveCfg = Release|Any CPU
		{B1B1F4F6-1220-488F-A690-50A40536A3A0}.Release|Any CPU.Build.0 = Release|Any CPU
		{1C9651F4-5651-490A-88D8-755EA74909EC}.Debug|Any CPU.ActiveCfg = Debug|Any CPU
		{1C9651F4-5651-490A-88D8-755EA74909EC}.Debug|Any CPU.Build.0 = Debug|Any CPU
		{1C9651F4-5651-490A-88D8-755EA74909EC}.Release|Any CPU.ActiveCfg = Release|Any CPU
		{1C9651F4-5651-490A-88D8-755EA74909EC}.Release|Any CPU.Build.0 = Release|Any CPU
	EndGlobalSection
	GlobalSection(SolutionProperties) = preSolution
		HideSolutionNode = FALSE
	EndGlobalSection
	GlobalSection(NestedProjects) = preSolution
		{EC846D1B-22B5-4CED-B0CB-778EBFEE1C33} = {003F7774-8202-4837-8C40-72297F3876C1}
		{2690B303-1D3E-4F84-9336-5723AC1B1B77} = {003F7774-8202-4837-8C40-72297F3876C1}
	EndGlobalSection
	GlobalSection(ExtensibilityGlobals) = postSolution
		SolutionGuid = {9D4C1340-FBC4-4F35-944F-26237883E032}
	EndGlobalSection
EndGlobal
